// !$*UTF8*$!
{
	archiveVersion = 1;
	classes = {
	};
	objectVersion = 50;
	objects = {

/* Begin PBXBuildFile section */
		3CDEDEBB24AA380B00397545 /* AppDelegate.swift in Sources */ = {isa = PBXBuildFile; fileRef = 3CDEDEBA24AA380B00397545 /* AppDelegate.swift */; };
		3CDEDEBD24AA380B00397545 /* SceneDelegate.swift in Sources */ = {isa = PBXBuildFile; fileRef = 3CDEDEBC24AA380B00397545 /* SceneDelegate.swift */; };
		3CDEDEBF24AA380B00397545 /* ViewController.swift in Sources */ = {isa = PBXBuildFile; fileRef = 3CDEDEBE24AA380B00397545 /* ViewController.swift */; };
		3CDEDEC224AA380B00397545 /* Main.storyboard in Resources */ = {isa = PBXBuildFile; fileRef = 3CDEDEC024AA380B00397545 /* Main.storyboard */; };
		3CDEDEC424AA381300397545 /* Assets.xcassets in Resources */ = {isa = PBXBuildFile; fileRef = 3CDEDEC324AA381300397545 /* Assets.xcassets */; };
		3CDEDEC724AA381300397545 /* LaunchScreen.storyboard in Resources */ = {isa = PBXBuildFile; fileRef = 3CDEDEC524AA381300397545 /* LaunchScreen.storyboard */; };
		E5ABDF3124AA409B00FE0A3D /* FirstViewController.swift in Sources */ = {isa = PBXBuildFile; fileRef = E5ABDF3024AA409B00FE0A3D /* FirstViewController.swift */; };
/* End PBXBuildFile section */

/* Begin PBXFileReference section */
		3CDEDEB724AA380B00397545 /* Galactic Guidebook.app */ = {isa = PBXFileReference; explicitFileType = wrapper.application; includeInIndex = 0; path = "Galactic Guidebook.app"; sourceTree = BUILT_PRODUCTS_DIR; };
		3CDEDEBA24AA380B00397545 /* AppDelegate.swift */ = {isa = PBXFileReference; lastKnownFileType = sourcecode.swift; path = AppDelegate.swift; sourceTree = "<group>"; };
		3CDEDEBC24AA380B00397545 /* SceneDelegate.swift */ = {isa = PBXFileReference; lastKnownFileType = sourcecode.swift; path = SceneDelegate.swift; sourceTree = "<group>"; };
		3CDEDEBE24AA380B00397545 /* ViewController.swift */ = {isa = PBXFileReference; lastKnownFileType = sourcecode.swift; path = ViewController.swift; sourceTree = "<group>"; };
		3CDEDEC124AA380B00397545 /* Base */ = {isa = PBXFileReference; lastKnownFileType = file.storyboard; name = Base; path = Base.lproj/Main.storyboard; sourceTree = "<group>"; };
		3CDEDEC324AA381300397545 /* Assets.xcassets */ = {isa = PBXFileReference; lastKnownFileType = folder.assetcatalog; path = Assets.xcassets; sourceTree = "<group>"; };
		3CDEDEC624AA381300397545 /* Base */ = {isa = PBXFileReference; lastKnownFileType = file.storyboard; name = Base; path = Base.lproj/LaunchScreen.storyboard; sourceTree = "<group>"; };
		3CDEDEC824AA381300397545 /* Info.plist */ = {isa = PBXFileReference; lastKnownFileType = text.plist.xml; path = Info.plist; sourceTree = "<group>"; };
		E5ABDF3024AA409B00FE0A3D /* FirstViewController.swift */ = {isa = PBXFileReference; lastKnownFileType = sourcecode.swift; path = FirstViewController.swift; sourceTree = "<group>"; };
/* End PBXFileReference section */

/* Begin PBXFrameworksBuildPhase section */
		3CDEDEB424AA380B00397545 /* Frameworks */ = {
			isa = PBXFrameworksBuildPhase;
			buildActionMask = 2147483647;
			files = (
			);
			runOnlyForDeploymentPostprocessing = 0;
		};
/* End PBXFrameworksBuildPhase section */

/* Begin PBXGroup section */
		3CDEDEAE24AA380B00397545 = {
			isa = PBXGroup;
			children = (
				3CDEDEB924AA380B00397545 /* Galactic Guidebook */,
				3CDEDEB824AA380B00397545 /* Products */,
			);
			sourceTree = "<group>";
		};
		3CDEDEB824AA380B00397545 /* Products */ = {
			isa = PBXGroup;
			children = (
				3CDEDEB724AA380B00397545 /* Galactic Guidebook.app */,
			);
			name = Products;
			sourceTree = "<group>";
		};
		3CDEDEB924AA380B00397545 /* Galactic Guidebook */ = {
			isa = PBXGroup;
			children = (
				3CDEDEBA24AA380B00397545 /* AppDelegate.swift */,
				3CDEDEBC24AA380B00397545 /* SceneDelegate.swift */,
				3CDEDEBE24AA380B00397545 /* ViewController.swift */,
				3CDEDEC024AA380B00397545 /* Main.storyboard */,
				E5ABDF3024AA409B00FE0A3D /* FirstViewController.swift */,
				3CDEDEC324AA381300397545 /* Assets.xcassets */,
				3CDEDEC524AA381300397545 /* LaunchScreen.storyboard */,
				3CDEDEC824AA381300397545 /* Info.plist */,
			);
			path = "Galactic Guidebook";
			sourceTree = "<group>";
		};
/* End PBXGroup section */

/* Begin PBXNativeTarget section */
		3CDEDEB624AA380B00397545 /* Galactic Guidebook */ = {
			isa = PBXNativeTarget;
			buildConfigurationList = 3CDEDECB24AA381300397545 /* Build configuration list for PBXNativeTarget "Galactic Guidebook" */;
			buildPhases = (
				3CDEDEB324AA380B00397545 /* Sources */,
				3CDEDEB424AA380B00397545 /* Frameworks */,
				3CDEDEB524AA380B00397545 /* Resources */,
			);
			buildRules = (
			);
			dependencies = (
			);
			name = "Galactic Guidebook";
			productName = "Galactic Guidebook";
			productReference = 3CDEDEB724AA380B00397545 /* Galactic Guidebook.app */;
			productType = "com.apple.product-type.application";
		};
/* End PBXNativeTarget section */

/* Begin PBXProject section */
		3CDEDEAF24AA380B00397545 /* Project object */ = {
			isa = PBXProject;
			attributes = {
				LastSwiftUpdateCheck = 1150;
				LastUpgradeCheck = 1150;
				ORGANIZATIONNAME = "Hailey Bixler";
				TargetAttributes = {
					3CDEDEB624AA380B00397545 = {
						CreatedOnToolsVersion = 11.5;
					};
				};
			};
			buildConfigurationList = 3CDEDEB224AA380B00397545 /* Build configuration list for PBXProject "Galactic Guidebook" */;
			compatibilityVersion = "Xcode 9.3";
			developmentRegion = en;
			hasScannedForEncodings = 0;
			knownRegions = (
				en,
				Base,
			);
			mainGroup = 3CDEDEAE24AA380B00397545;
			productRefGroup = 3CDEDEB824AA380B00397545 /* Products */;
			projectDirPath = "";
			projectRoot = "";
			targets = (
				3CDEDEB624AA380B00397545 /* Galactic Guidebook */,
			);
		};
/* End PBXProject section */

/* Begin PBXResourcesBuildPhase section */
		3CDEDEB524AA380B00397545 /* Resources */ = {
			isa = PBXResourcesBuildPhase;
			buildActionMask = 2147483647;
			files = (
				3CDEDEC724AA381300397545 /* LaunchScreen.storyboard in Resources */,
				3CDEDEC424AA381300397545 /* Assets.xcassets in Resources */,
				3CDEDEC224AA380B00397545 /* Main.storyboard in Resources */,
			);
			runOnlyForDeploymentPostprocessing = 0;
		};
/* End PBXResourcesBuildPhase section */

/* Begin PBXSourcesBuildPhase section */
		3CDEDEB324AA380B00397545 /* Sources */ = {
			isa = PBXSourcesBuildPhase;
			buildActionMask = 2147483647;
			files = (
				3CDEDEBF24AA380B00397545 /* ViewController.swift in Sources */,
				3CDEDEBB24AA380B00397545 /* AppDelegate.swift in Sources */,
				3CDEDEBD24AA380B00397545 /* SceneDelegate.swift in Sources */,
				E5ABDF3124AA409B00FE0A3D /* FirstViewController.swift in Sources */,
			);
			runOnlyForDeploymentPostprocessing = 0;
		};
/* End PBXSourcesBuildPhase section */

/* Begin PBXVariantGroup section */
		3CDEDEC024AA380B00397545 /* Main.storyboard */ = {
			isa = PBXVariantGroup;
			children = (
				3CDEDEC124AA380B00397545 /* Base */,
			);
			name = Main.storyboard;
			sourceTree = "<group>";
		};
		3CDEDEC524AA381300397545 /* LaunchScreen.storyboard */ = {
			isa = PBXVariantGroup;
			children = (
				3CDEDEC624AA381300397545 /* Base */,
			);
			name = LaunchScreen.storyboard;
			sourceTree = "<group>";
		};
/* End PBXVariantGroup section */

/* Begin XCBuildConfiguration section */
		3CDEDEC924AA381300397545 /* Debug */ = {
			isa = XCBuildConfiguration;
			buildSettings = {
				ALWAYS_SEARCH_USER_PATHS = NO;
				CLANG_ANALYZER_NONNULL = YES;
				CLANG_ANALYZER_NUMBER_OBJECT_CONVERSION = YES_AGGRESSIVE;
				CLANG_CXX_LANGUAGE_STANDARD = "gnu++14";
				CLANG_CXX_LIBRARY = "libc++";
				CLANG_ENABLE_MODULES = YES;
				CLANG_ENABLE_OBJC_ARC = YES;
				CLANG_ENABLE_OBJC_WEAK = YES;
				CLANG_WARN_BLOCK_CAPTURE_AUTORELEASING = YES;
				CLANG_WARN_BOOL_CONVERSION = YES;
				CLANG_WARN_COMMA = YES;
				CLANG_WARN_CONSTANT_CONVERSION = YES;
				CLANG_WARN_DEPRECATED_OBJC_IMPLEMENTATIONS = YES;
				CLANG_WARN_DIRECT_OBJC_ISA_USAGE = YES_ERROR;
				CLANG_WARN_DOCUMENTATION_COMMENTS = YES;
				CLANG_WARN_EMPTY_BODY = YES;
				CLANG_WARN_ENUM_CONVERSION = YES;
				CLANG_WARN_INFINITE_RECURSION = YES;
				CLANG_WARN_INT_CONVERSION = YES;
				CLANG_WARN_NON_LITERAL_NULL_CONVERSION = YES;
				CLANG_WARN_OBJC_IMPLICIT_RETAIN_SELF = YES;
				CLANG_WARN_OBJC_LITERAL_CONVERSION = YES;
				CLANG_WARN_OBJC_ROOT_CLASS = YES_ERROR;
				CLANG_WARN_RANGE_LOOP_ANALYSIS = YES;
				CLANG_WARN_STRICT_PROTOTYPES = YES;
				CLANG_WARN_SUSPICIOUS_MOVE = YES;
				CLANG_WARN_UNGUARDED_AVAILABILITY = YES_AGGRESSIVE;
				CLANG_WARN_UNREACHABLE_CODE = YES;
				CLANG_WARN__DUPLICATE_METHOD_MATCH = YES;
				COPY_PHASE_STRIP = NO;
				DEBUG_INFORMATION_FORMAT = dwarf;
				ENABLE_STRICT_OBJC_MSGSEND = YES;
				ENABLE_TESTABILITY = YES;
				GCC_C_LANGUAGE_STANDARD = gnu11;
				GCC_DYNAMIC_NO_PIC = NO;
				GCC_NO_COMMON_BLOCKS = YES;
				GCC_OPTIMIZATION_LEVEL = 0;
				GCC_PREPROCESSOR_DEFINITIONS = (
					"DEBUG=1",
					"$(inherited)",
				);
				GCC_WARN_64_TO_32_BIT_CONVERSION = YES;
				GCC_WARN_ABOUT_RETURN_TYPE = YES_ERROR;
				GCC_WARN_UNDECLARED_SELECTOR = YES;
				GCC_WARN_UNINITIALIZED_AUTOS = YES_AGGRESSIVE;
				GCC_WARN_UNUSED_FUNCTION = YES;
				GCC_WARN_UNUSED_VARIABLE = YES;
				IPHONEOS_DEPLOYMENT_TARGET = 13.5;
				MTL_ENABLE_DEBUG_INFO = INCLUDE_SOURCE;
				MTL_FAST_MATH = YES;
				ONLY_ACTIVE_ARCH = YES;
				SDKROOT = iphoneos;
				SWIFT_ACTIVE_COMPILATION_CONDITIONS = DEBUG;
				SWIFT_OPTIMIZATION_LEVEL = "-Onone";
			};
			name = Debug;
		};
		3CDEDECA24AA381300397545 /* Release */ = {
			isa = XCBuildConfiguration;
			buildSettings = {
				ALWAYS_SEARCH_USER_PATHS = NO;
				CLANG_ANALYZER_NONNULL = YES;
				CLANG_ANALYZER_NUMBER_OBJECT_CONVERSION = YES_AGGRESSIVE;
				CLANG_CXX_LANGUAGE_STANDARD = "gnu++14";
				CLANG_CXX_LIBRARY = "libc++";
				CLANG_ENABLE_MODULES = YES;
				CLANG_ENABLE_OBJC_ARC = YES;
				CLANG_ENABLE_OBJC_WEAK = YES;
				CLANG_WARN_BLOCK_CAPTURE_AUTORELEASING = YES;
				CLANG_WARN_BOOL_CONVERSION = YES;
				CLANG_WARN_COMMA = YES;
				CLANG_WARN_CONSTANT_CONVERSION = YES;
				CLANG_WARN_DEPRECATED_OBJC_IMPLEMENTATIONS = YES;
				CLANG_WARN_DIRECT_OBJC_ISA_USAGE = YES_ERROR;
				CLANG_WARN_DOCUMENTATION_COMMENTS = YES;
				CLANG_WARN_EMPTY_BODY = YES;
				CLANG_WARN_ENUM_CONVERSION = YES;
				CLANG_WARN_INFINITE_RECURSION = YES;
				CLANG_WARN_INT_CONVERSION = YES;
				CLANG_WARN_NON_LITERAL_NULL_CONVERSION = YES;
				CLANG_WARN_OBJC_IMPLICIT_RETAIN_SELF = YES;
				CLANG_WARN_OBJC_LITERAL_CONVERSION = YES;
				CLANG_WARN_OBJC_ROOT_CLASS = YES_ERROR;
				CLANG_WARN_RANGE_LOOP_ANALYSIS = YES;
				CLANG_WARN_STRICT_PROTOTYPES = YES;
				CLANG_WARN_SUSPICIOUS_MOVE = YES;
				CLANG_WARN_UNGUARDED_AVAILABILITY = YES_AGGRESSIVE;
				CLANG_WARN_UNREACHABLE_CODE = YES;
				CLANG_WARN__DUPLICATE_METHOD_MATCH = YES;
				COPY_PHASE_STRIP = NO;
				DEBUG_INFORMATION_FORMAT = "dwarf-with-dsym";
				ENABLE_NS_ASSERTIONS = NO;
				ENABLE_STRICT_OBJC_MSGSEND = YES;
				GCC_C_LANGUAGE_STANDARD = gnu11;
				GCC_NO_COMMON_BLOCKS = YES;
				GCC_WARN_64_TO_32_BIT_CONVERSION = YES;
				GCC_WARN_ABOUT_RETURN_TYPE = YES_ERROR;
				GCC_WARN_UNDECLARED_SELECTOR = YES;
				GCC_WARN_UNINITIALIZED_AUTOS = YES_AGGRESSIVE;
				GCC_WARN_UNUSED_FUNCTION = YES;
				GCC_WARN_UNUSED_VARIABLE = YES;
				IPHONEOS_DEPLOYMENT_TARGET = 13.5;
				MTL_ENABLE_DEBUG_INFO = NO;
				MTL_FAST_MATH = YES;
				SDKROOT = iphoneos;
				SWIFT_COMPILATION_MODE = wholemodule;
				SWIFT_OPTIMIZATION_LEVEL = "-O";
				VALIDATE_PRODUCT = YES;
			};
			name = Release;
		};
		3CDEDECC24AA381300397545 /* Debug */ = {
			isa = XCBuildConfiguration;
			buildSettings = {
				ASSETCATALOG_COMPILER_APPICON_NAME = AppIcon;
				CODE_SIGN_STYLE = Automatic;
				DEVELOPMENT_TEAM = D3QY2YU3NL;
				INFOPLIST_FILE = "Galactic Guidebook/Info.plist";
				LD_RUNPATH_SEARCH_PATHS = (
					"$(inherited)",
					"@executable_path/Frameworks",
				);
				PRODUCT_BUNDLE_IDENTIFIER = "com.haileybixler.Galactic-Guidebook";
				PRODUCT_NAME = "$(TARGET_NAME)";
				SWIFT_VERSION = 5.0;
				TARGETED_DEVICE_FAMILY = "1,2";
			};
			name = Debug;
		};
		3CDEDECD24AA381300397545 /* Release */ = {
			isa = XCBuildConfiguration;
			buildSettings = {
				ASSETCATALOG_COMPILER_APPICON_NAME = AppIcon;
				CODE_SIGN_STYLE = Automatic;
				DEVELOPMENT_TEAM = D3QY2YU3NL;
				INFOPLIST_FILE = "Galactic Guidebook/Info.plist";
				LD_RUNPATH_SEARCH_PATHS = (
					"$(inherited)",
					"@executable_path/Frameworks",
				);
				PRODUCT_BUNDLE_IDENTIFIER = "com.haileybixler.Galactic-Guidebook";
				PRODUCT_NAME = "$(TARGET_NAME)";
				SWIFT_VERSION = 5.0;
				TARGETED_DEVICE_FAMILY = "1,2";
			};
			name = Release;
		};
/* End XCBuildConfiguration section */

/* Begin XCConfigurationList section */
		3CDEDEB224AA380B00397545 /* Build configuration list for PBXProject "Galactic Guidebook" */ = {
			isa = XCConfigurationList;
			buildConfigurations = (
				3CDEDEC924AA381300397545 /* Debug */,
				3CDEDECA24AA381300397545 /* Release */,
			);
			defaultConfigurationIsVisible = 0;
			defaultConfigurationName = Release;
		};
		3CDEDECB24AA381300397545 /* Build configuration list for PBXNativeTarget "Galactic Guidebook" */ = {
			isa = XCConfigurationList;
			buildConfigurations = (
				3CDEDECC24AA381300397545 /* Debug */,
				3CDEDECD24AA381300397545 /* Release */,
			);
			defaultConfigurationIsVisible = 0;
			defaultConfigurationName = Release;
		};
/* End XCConfigurationList section */
	};
	rootObject = 3CDEDEAF24AA380B00397545 /* Project object */;
}
